
Microsoft Visual Studio Solution File, Format Version 12.00
# Visual Studio Version 17
VisualStudioVersion = 17.9.34728.123
MinimumVisualStudioVersion = 10.0.40219.1
Project("{8BC9CEB8-8B4A-11D0-8D11-00A0C91BC942}") = "0-1 確認", "0-1 確認.vcxproj", "{16DB54C4-54DC-4B79-86CA-7274D3B5976B}"
EndProject
Global
	GlobalSection(SolutionConfigurationPlatforms) = preSolution
		Debug|x64 = Debug|x64
		Release|x64 = Release|x64
	EndGlobalSection
	GlobalSection(ProjectConfigurationPlatforms) = postSolution
		{16DB54C4-54DC-4B79-86CA-7274D3B5976B}.Debug|x64.ActiveCfg = Debug|x64
		{16DB54C4-54DC-4B79-86CA-7274D3B5976B}.Debug|x64.Build.0 = Debug|x64
		{16DB54C4-54DC-4B79-86CA-7274D3B5976B}.Release|x64.ActiveCfg = Release|x64
		{16DB54C4-54DC-4B79-86CA-7274D3B5976B}.Release|x64.Build.0 = Release|x64
	EndGlobalSection
	GlobalSection(SolutionProperties) = preSolution
		HideSolutionNode = FALSE
	EndGlobalSection
	GlobalSection(ExtensibilityGlobals) = postSolution
		SolutionGuid = {73ACFEB1-48DE-4C96-9B78-81B232D3BA1F}
	EndGlobalSection
EndGlobal
